// !$*UTF8*$!
{
	archiveVersion = 1;
	classes = {
	};
	objectVersion = 46;
	objects = {

/* Begin PBXBuildFile section */
		502BC8D31DC6B8AE0059A749 /* AppDelegate.swift in Sources */ = {isa = PBXBuildFile; fileRef = 502BC8D21DC6B8AE0059A749 /* AppDelegate.swift */; };
		502BC8D51DC6B8AE0059A749 /* RecordSoundsViewController.swift in Sources */ = {isa = PBXBuildFile; fileRef = 502BC8D41DC6B8AE0059A749 /* RecordSoundsViewController.swift */; };
		502BC8D81DC6B8AE0059A749 /* Main.storyboard in Resources */ = {isa = PBXBuildFile; fileRef = 502BC8D61DC6B8AE0059A749 /* Main.storyboard */; };
		502BC8DA1DC6B8AE0059A749 /* Assets.xcassets in Resources */ = {isa = PBXBuildFile; fileRef = 502BC8D91DC6B8AE0059A749 /* Assets.xcassets */; };
		502BC8DD1DC6B8AE0059A749 /* LaunchScreen.storyboard in Resources */ = {isa = PBXBuildFile; fileRef = 502BC8DB1DC6B8AE0059A749 /* LaunchScreen.storyboard */; };
		502BC8E81DC6B8AE0059A749 /* PitchPerfectTests.swift in Sources */ = {isa = PBXBuildFile; fileRef = 502BC8E71DC6B8AE0059A749 /* PitchPerfectTests.swift */; };
		502BC8F31DC6B8AE0059A749 /* PitchPerfectUITests.swift in Sources */ = {isa = PBXBuildFile; fileRef = 502BC8F21DC6B8AE0059A749 /* PitchPerfectUITests.swift */; };
		5047565F1DC70AF700315D01 /* PlaySoundsViewController.swift in Sources */ = {isa = PBXBuildFile; fileRef = 5047565E1DC70AF700315D01 /* PlaySoundsViewController.swift */; };
		5067BC0F1DC81E2700BFB051 /* PlaySoundsViewController+Audio.swift in Sources */ = {isa = PBXBuildFile; fileRef = 5067BC0E1DC81E2700BFB051 /* PlaySoundsViewController+Audio.swift */; };
/* End PBXBuildFile section */

/* Begin PBXContainerItemProxy section */
		502BC8E41DC6B8AE0059A749 /* PBXContainerItemProxy */ = {
			isa = PBXContainerItemProxy;
			containerPortal = 502BC8C71DC6B8AD0059A749 /* Project object */;
			proxyType = 1;
			remoteGlobalIDString = 502BC8CE1DC6B8AD0059A749;
			remoteInfo = PitchPerfect;
		};
		502BC8EF1DC6B8AE0059A749 /* PBXContainerItemProxy */ = {
			isa = PBXContainerItemProxy;
			containerPortal = 502BC8C71DC6B8AD0059A749 /* Project object */;
			proxyType = 1;
			remoteGlobalIDString = 502BC8CE1DC6B8AD0059A749;
			remoteInfo = PitchPerfect;
		};
/* End PBXContainerItemProxy section */

/* Begin PBXFileReference section */
		502BC8CF1DC6B8AD0059A749 /* PitchPerfect.app */ = {isa = PBXFileReference; explicitFileType = wrapper.application; includeInIndex = 0; path = PitchPerfect.app; sourceTree = BUILT_PRODUCTS_DIR; };
		502BC8D21DC6B8AE0059A749 /* AppDelegate.swift */ = {isa = PBXFileReference; lastKnownFileType = sourcecode.swift; path = AppDelegate.swift; sourceTree = "<group>"; };
		502BC8D41DC6B8AE0059A749 /* RecordSoundsViewController.swift */ = {isa = PBXFileReference; lastKnownFileType = sourcecode.swift; path = RecordSoundsViewController.swift; sourceTree = "<group>"; };
		502BC8D71DC6B8AE0059A749 /* Base */ = {isa = PBXFileReference; lastKnownFileType = file.storyboard; name = Base; path = Base.lproj/Main.storyboard; sourceTree = "<group>"; };
		502BC8D91DC6B8AE0059A749 /* Assets.xcassets */ = {isa = PBXFileReference; lastKnownFileType = folder.assetcatalog; path = Assets.xcassets; sourceTree = "<group>"; };
		502BC8DC1DC6B8AE0059A749 /* Base */ = {isa = PBXFileReference; lastKnownFileType = file.storyboard; name = Base; path = Base.lproj/LaunchScreen.storyboard; sourceTree = "<group>"; };
		502BC8DE1DC6B8AE0059A749 /* Info.plist */ = {isa = PBXFileReference; lastKnownFileType = text.plist.xml; path = Info.plist; sourceTree = "<group>"; };
		502BC8E31DC6B8AE0059A749 /* PitchPerfectTests.xctest */ = {isa = PBXFileReference; explicitFileType = wrapper.cfbundle; includeInIndex = 0; path = PitchPerfectTests.xctest; sourceTree = BUILT_PRODUCTS_DIR; };
		502BC8E71DC6B8AE0059A749 /* PitchPerfectTests.swift */ = {isa = PBXFileReference; lastKnownFileType = sourcecode.swift; path = PitchPerfectTests.swift; sourceTree = "<group>"; };
		502BC8E91DC6B8AE0059A749 /* Info.plist */ = {isa = PBXFileReference; lastKnownFileType = text.plist.xml; path = Info.plist; sourceTree = "<group>"; };
		502BC8EE1DC6B8AE0059A749 /* PitchPerfectUITests.xctest */ = {isa = PBXFileReference; explicitFileType = wrapper.cfbundle; includeInIndex = 0; path = PitchPerfectUITests.xctest; sourceTree = BUILT_PRODUCTS_DIR; };
		502BC8F21DC6B8AE0059A749 /* PitchPerfectUITests.swift */ = {isa = PBXFileReference; lastKnownFileType = sourcecode.swift; path = PitchPerfectUITests.swift; sourceTree = "<group>"; };
		502BC8F41DC6B8AE0059A749 /* Info.plist */ = {isa = PBXFileReference; lastKnownFileType = text.plist.xml; path = Info.plist; sourceTree = "<group>"; };
		5047565E1DC70AF700315D01 /* PlaySoundsViewController.swift */ = {isa = PBXFileReference; fileEncoding = 4; lastKnownFileType = sourcecode.swift; path = PlaySoundsViewController.swift; sourceTree = "<group>"; };
		5067BC0E1DC81E2700BFB051 /* PlaySoundsViewController+Audio.swift */ = {isa = PBXFileReference; fileEncoding = 4; lastKnownFileType = sourcecode.swift; path = "PlaySoundsViewController+Audio.swift"; sourceTree = "<group>"; };
/* End PBXFileReference section */

/* Begin PBXFrameworksBuildPhase section */
		502BC8CC1DC6B8AD0059A749 /* Frameworks */ = {
			isa = PBXFrameworksBuildPhase;
			buildActionMask = 2147483647;
			files = (
			);
			runOnlyForDeploymentPostprocessing = 0;
		};
		502BC8E01DC6B8AE0059A749 /* Frameworks */ = {
			isa = PBXFrameworksBuildPhase;
			buildActionMask = 2147483647;
			files = (
			);
			runOnlyForDeploymentPostprocessing = 0;
		};
		502BC8EB1DC6B8AE0059A749 /* Frameworks */ = {
			isa = PBXFrameworksBuildPhase;
			buildActionMask = 2147483647;
			files = (
			);
			runOnlyForDeploymentPostprocessing = 0;
		};
/* End PBXFrameworksBuildPhase section */

/* Begin PBXGroup section */
		502BC8C61DC6B8AD0059A749 = {
			isa = PBXGroup;
			children = (
				502BC8D11DC6B8AD0059A749 /* PitchPerfect */,
				502BC8E61DC6B8AE0059A749 /* PitchPerfectTests */,
				502BC8F11DC6B8AE0059A749 /* PitchPerfectUITests */,
				502BC8D01DC6B8AD0059A749 /* Products */,
			);
			sourceTree = "<group>";
		};
		502BC8D01DC6B8AD0059A749 /* Products */ = {
			isa = PBXGroup;
			children = (
				502BC8CF1DC6B8AD0059A749 /* PitchPerfect.app */,
				502BC8E31DC6B8AE0059A749 /* PitchPerfectTests.xctest */,
				502BC8EE1DC6B8AE0059A749 /* PitchPerfectUITests.xctest */,
			);
			name = Products;
			sourceTree = "<group>";
		};
		502BC8D11DC6B8AD0059A749 /* PitchPerfect */ = {
			isa = PBXGroup;
			children = (
				502BC8D21DC6B8AE0059A749 /* AppDelegate.swift */,
				502BC8D41DC6B8AE0059A749 /* RecordSoundsViewController.swift */,
				5047565E1DC70AF700315D01 /* PlaySoundsViewController.swift */,
				5067BC0E1DC81E2700BFB051 /* PlaySoundsViewController+Audio.swift */,
				502BC8D61DC6B8AE0059A749 /* Main.storyboard */,
				502BC8D91DC6B8AE0059A749 /* Assets.xcassets */,
				502BC8DB1DC6B8AE0059A749 /* LaunchScreen.storyboard */,
				502BC8DE1DC6B8AE0059A749 /* Info.plist */,
			);
			path = PitchPerfect;
			sourceTree = "<group>";
		};
		502BC8E61DC6B8AE0059A749 /* PitchPerfectTests */ = {
			isa = PBXGroup;
			children = (
				502BC8E71DC6B8AE0059A749 /* PitchPerfectTests.swift */,
				502BC8E91DC6B8AE0059A749 /* Info.plist */,
			);
			path = PitchPerfectTests;
			sourceTree = "<group>";
		};
		502BC8F11DC6B8AE0059A749 /* PitchPerfectUITests */ = {
			isa = PBXGroup;
			children = (
				502BC8F21DC6B8AE0059A749 /* PitchPerfectUITests.swift */,
				502BC8F41DC6B8AE0059A749 /* Info.plist */,
			);
			path = PitchPerfectUITests;
			sourceTree = "<group>";
		};
/* End PBXGroup section */

/* Begin PBXNativeTarget section */
		502BC8CE1DC6B8AD0059A749 /* PitchPerfect */ = {
			isa = PBXNativeTarget;
			buildConfigurationList = 502BC8F71DC6B8AE0059A749 /* Build configuration list for PBXNativeTarget "PitchPerfect" */;
			buildPhases = (
				502BC8CB1DC6B8AD0059A749 /* Sources */,
				502BC8CC1DC6B8AD0059A749 /* Frameworks */,
				502BC8CD1DC6B8AD0059A749 /* Resources */,
			);
			buildRules = (
			);
			dependencies = (
			);
			name = PitchPerfect;
			productName = PitchPerfect;
			productReference = 502BC8CF1DC6B8AD0059A749 /* PitchPerfect.app */;
			productType = "com.apple.product-type.application";
		};
		502BC8E21DC6B8AE0059A749 /* PitchPerfectTests */ = {
			isa = PBXNativeTarget;
			buildConfigurationList = 502BC8FA1DC6B8AE0059A749 /* Build configuration list for PBXNativeTarget "PitchPerfectTests" */;
			buildPhases = (
				502BC8DF1DC6B8AE0059A749 /* Sources */,
				502BC8E01DC6B8AE0059A749 /* Frameworks */,
				502BC8E11DC6B8AE0059A749 /* Resources */,
			);
			buildRules = (
			);
			dependencies = (
				502BC8E51DC6B8AE0059A749 /* PBXTargetDependency */,
			);
			name = PitchPerfectTests;
			productName = PitchPerfectTests;
			productReference = 502BC8E31DC6B8AE0059A749 /* PitchPerfectTests.xctest */;
			productType = "com.apple.product-type.bundle.unit-test";
		};
		502BC8ED1DC6B8AE0059A749 /* PitchPerfectUITests */ = {
			isa = PBXNativeTarget;
			buildConfigurationList = 502BC8FD1DC6B8AE0059A749 /* Build configuration list for PBXNativeTarget "PitchPerfectUITests" */;
			buildPhases = (
				502BC8EA1DC6B8AE0059A749 /* Sources */,
				502BC8EB1DC6B8AE0059A749 /* Frameworks */,
				502BC8EC1DC6B8AE0059A749 /* Resources */,
			);
			buildRules = (
			);
			dependencies = (
				502BC8F01DC6B8AE0059A749 /* PBXTargetDependency */,
			);
			name = PitchPerfectUITests;
			productName = PitchPerfectUITests;
			productReference = 502BC8EE1DC6B8AE0059A749 /* PitchPerfectUITests.xctest */;
			productType = "com.apple.product-type.bundle.ui-testing";
		};
/* End PBXNativeTarget section */

/* Begin PBXProject section */
		502BC8C71DC6B8AD0059A749 /* Project object */ = {
			isa = PBXProject;
			attributes = {
				LastSwiftUpdateCheck = 0800;
				LastUpgradeCheck = 0810;
				ORGANIZATIONNAME = Deborah;
				TargetAttributes = {
					502BC8CE1DC6B8AD0059A749 = {
						CreatedOnToolsVersion = 8.0;
						DevelopmentTeam = 8WCYPPFQC5;
						ProvisioningStyle = Automatic;
					};
					502BC8E21DC6B8AE0059A749 = {
						CreatedOnToolsVersion = 8.0;
						DevelopmentTeam = 8WCYPPFQC5;
						ProvisioningStyle = Automatic;
						TestTargetID = 502BC8CE1DC6B8AD0059A749;
					};
					502BC8ED1DC6B8AE0059A749 = {
						CreatedOnToolsVersion = 8.0;
						DevelopmentTeam = 8WCYPPFQC5;
						ProvisioningStyle = Automatic;
						TestTargetID = 502BC8CE1DC6B8AD0059A749;
					};
				};
			};
			buildConfigurationList = 502BC8CA1DC6B8AD0059A749 /* Build configuration list for PBXProject "PitchPerfect" */;
			compatibilityVersion = "Xcode 3.2";
			developmentRegion = English;
			hasScannedForEncodings = 0;
			knownRegions = (
				en,
				Base,
			);
			mainGroup = 502BC8C61DC6B8AD0059A749;
			productRefGroup = 502BC8D01DC6B8AD0059A749 /* Products */;
			projectDirPath = "";
			projectRoot = "";
			targets = (
				502BC8CE1DC6B8AD0059A749 /* PitchPerfect */,
				502BC8E21DC6B8AE0059A749 /* PitchPerfectTests */,
				502BC8ED1DC6B8AE0059A749 /* PitchPerfectUITests */,
			);
		};
/* End PBXProject section */

/* Begin PBXResourcesBuildPhase section */
		502BC8CD1DC6B8AD0059A749 /* Resources */ = {
			isa = PBXResourcesBuildPhase;
			buildActionMask = 2147483647;
			files = (
				502BC8DD1DC6B8AE0059A749 /* LaunchScreen.storyboard in Resources */,
				502BC8DA1DC6B8AE0059A749 /* Assets.xcassets in Resources */,
				502BC8D81DC6B8AE0059A749 /* Main.storyboard in Resources */,
			);
			runOnlyForDeploymentPostprocessing = 0;
		};
		502BC8E11DC6B8AE0059A749 /* Resources */ = {
			isa = PBXResourcesBuildPhase;
			buildActionMask = 2147483647;
			files = (
			);
			runOnlyForDeploymentPostprocessing = 0;
		};
		502BC8EC1DC6B8AE0059A749 /* Resources */ = {
			isa = PBXResourcesBuildPhase;
			buildActionMask = 2147483647;
			files = (
			);
			runOnlyForDeploymentPostprocessing = 0;
		};
/* End PBXResourcesBuildPhase section */

/* Begin PBXSourcesBuildPhase section */
		502BC8CB1DC6B8AD0059A749 /* Sources */ = {
			isa = PBXSourcesBuildPhase;
			buildActionMask = 2147483647;
			files = (
				502BC8D51DC6B8AE0059A749 /* RecordSoundsViewController.swift in Sources */,
				5067BC0F1DC81E2700BFB051 /* PlaySoundsViewController+Audio.swift in Sources */,
				5047565F1DC70AF700315D01 /* PlaySoundsViewController.swift in Sources */,
				502BC8D31DC6B8AE0059A749 /* AppDelegate.swift in Sources */,
			);
			runOnlyForDeploymentPostprocessing = 0;
		};
		502BC8DF1DC6B8AE0059A749 /* Sources */ = {
			isa = PBXSourcesBuildPhase;
			buildActionMask = 2147483647;
			files = (
				502BC8E81DC6B8AE0059A749 /* PitchPerfectTests.swift in Sources */,
			);
			runOnlyForDeploymentPostprocessing = 0;
		};
		502BC8EA1DC6B8AE0059A749 /* Sources */ = {
			isa = PBXSourcesBuildPhase;
			buildActionMask = 2147483647;
			files = (
				502BC8F31DC6B8AE0059A749 /* PitchPerfectUITests.swift in Sources */,
			);
			runOnlyForDeploymentPostprocessing = 0;
		};
/* End PBXSourcesBuildPhase section */

/* Begin PBXTargetDependency section */
		502BC8E51DC6B8AE0059A749 /* PBXTargetDependency */ = {
			isa = PBXTargetDependency;
			target = 502BC8CE1DC6B8AD0059A749 /* PitchPerfect */;
			targetProxy = 502BC8E41DC6B8AE0059A749 /* PBXContainerItemProxy */;
		};
		502BC8F01DC6B8AE0059A749 /* PBXTargetDependency */ = {
			isa = PBXTargetDependency;
			target = 502BC8CE1DC6B8AD0059A749 /* PitchPerfect */;
			targetProxy = 502BC8EF1DC6B8AE0059A749 /* PBXContainerItemProxy */;
		};
/* End PBXTargetDependency section */

/* Begin PBXVariantGroup section */
		502BC8D61DC6B8AE0059A749 /* Main.storyboard */ = {
			isa = PBXVariantGroup;
			children = (
				502BC8D71DC6B8AE0059A749 /* Base */,
			);
			name = Main.storyboard;
			sourceTree = "<group>";
		};
		502BC8DB1DC6B8AE0059A749 /* LaunchScreen.storyboard */ = {
			isa = PBXVariantGroup;
			children = (
				502BC8DC1DC6B8AE0059A749 /* Base */,
			);
			name = LaunchScreen.storyboard;
			sourceTree = "<group>";
		};
/* End PBXVariantGroup section */

/* Begin XCBuildConfiguration section */
		502BC8F51DC6B8AE0059A749 /* Debug */ = {
			isa = XCBuildConfiguration;
			buildSettings = {
				ALWAYS_SEARCH_USER_PATHS = NO;
				CLANG_ANALYZER_NONNULL = YES;
				CLANG_CXX_LANGUAGE_STANDARD = "gnu++0x";
				CLANG_CXX_LIBRARY = "libc++";
				CLANG_ENABLE_MODULES = YES;
				CLANG_ENABLE_OBJC_ARC = YES;
				CLANG_WARN_BOOL_CONVERSION = YES;
				CLANG_WARN_CONSTANT_CONVERSION = YES;
				CLANG_WARN_DIRECT_OBJC_ISA_USAGE = YES_ERROR;
				CLANG_WARN_DOCUMENTATION_COMMENTS = YES;
				CLANG_WARN_EMPTY_BODY = YES;
				CLANG_WARN_ENUM_CONVERSION = YES;
				CLANG_WARN_INFINITE_RECURSION = YES;
				CLANG_WARN_INT_CONVERSION = YES;
				CLANG_WARN_OBJC_ROOT_CLASS = YES_ERROR;
				CLANG_WARN_SUSPICIOUS_MOVE = YES;
				CLANG_WARN_SUSPICIOUS_MOVES = YES;
				CLANG_WARN_UNREACHABLE_CODE = YES;
				CLANG_WARN__DUPLICATE_METHOD_MATCH = YES;
				"CODE_SIGN_IDENTITY[sdk=iphoneos*]" = "iPhone Developer";
				COPY_PHASE_STRIP = NO;
				DEBUG_INFORMATION_FORMAT = dwarf;
				ENABLE_STRICT_OBJC_MSGSEND = YES;
				ENABLE_TESTABILITY = YES;
				GCC_C_LANGUAGE_STANDARD = gnu99;
				GCC_DYNAMIC_NO_PIC = NO;
				GCC_NO_COMMON_BLOCKS = YES;
				GCC_OPTIMIZATION_LEVEL = 0;
				GCC_PREPROCESSOR_DEFINITIONS = (
					"DEBUG=1",
					"$(inherited)",
				);
				GCC_WARN_64_TO_32_BIT_CONVERSION = YES;
				GCC_WARN_ABOUT_RETURN_TYPE = YES_ERROR;
				GCC_WARN_UNDECLARED_SELECTOR = YES;
				GCC_WARN_UNINITIALIZED_AUTOS = YES_AGGRESSIVE;
				GCC_WARN_UNUSED_FUNCTION = YES;
				GCC_WARN_UNUSED_VARIABLE = YES;
				IPHONEOS_DEPLOYMENT_TARGET = 9.0;
				MTL_ENABLE_DEBUG_INFO = YES;
				ONLY_ACTIVE_ARCH = YES;
				SDKROOT = iphoneos;
				SWIFT_ACTIVE_COMPILATION_CONDITIONS = DEBUG;
				SWIFT_OPTIMIZATION_LEVEL = "-Onone";
				TARGETED_DEVICE_FAMILY = "1,2";
			};
			name = Debug;
		};
		502BC8F61DC6B8AE0059A749 /* Release */ = {
			isa = XCBuildConfiguration;
			buildSettings = {
				ALWAYS_SEARCH_USER_PATHS = NO;
				CLANG_ANALYZER_NONNULL = YES;
				CLANG_CXX_LANGUAGE_STANDARD = "gnu++0x";
				CLANG_CXX_LIBRARY = "libc++";
				CLANG_ENABLE_MODULES = YES;
				CLANG_ENABLE_OBJC_ARC = YES;
				CLANG_WARN_BOOL_CONVERSION = YES;
				CLANG_WARN_CONSTANT_CONVERSION = YES;
				CLANG_WARN_DIRECT_OBJC_ISA_USAGE = YES_ERROR;
				CLANG_WARN_DOCUMENTATION_COMMENTS = YES;
				CLANG_WARN_EMPTY_BODY = YES;
				CLANG_WARN_ENUM_CONVERSION = YES;
				CLANG_WARN_INFINITE_RECURSION = YES;
				CLANG_WARN_INT_CONVERSION = YES;
				CLANG_WARN_OBJC_ROOT_CLASS = YES_ERROR;
				CLANG_WARN_SUSPICIOUS_MOVE = YES;
				CLANG_WARN_SUSPICIOUS_MOVES = YES;
				CLANG_WARN_UNREACHABLE_CODE = YES;
				CLANG_WARN__DUPLICATE_METHOD_MATCH = YES;
				"CODE_SIGN_IDENTITY[sdk=iphoneos*]" = "iPhone Developer";
				COPY_PHASE_STRIP = NO;
				DEBUG_INFORMATION_FORMAT = "dwarf-with-dsym";
				ENABLE_NS_ASSERTIONS = NO;
				ENABLE_STRICT_OBJC_MSGSEND = YES;
				GCC_C_LANGUAGE_STANDARD = gnu99;
				GCC_NO_COMMON_BLOCKS = YES;
				GCC_WARN_64_TO_32_BIT_CONVERSION = YES;
				GCC_WARN_ABOUT_RETURN_TYPE = YES_ERROR;
				GCC_WARN_UNDECLARED_SELECTOR = YES;
				GCC_WARN_UNINITIALIZED_AUTOS = YES_AGGRESSIVE;
				GCC_WARN_UNUSED_FUNCTION = YES;
				GCC_WARN_UNUSED_VARIABLE = YES;
				IPHONEOS_DEPLOYMENT_TARGET = 9.0;
				MTL_ENABLE_DEBUG_INFO = NO;
				SDKROOT = iphoneos;
				SWIFT_OPTIMIZATION_LEVEL = "-Owholemodule";
				TARGETED_DEVICE_FAMILY = "1,2";
				VALIDATE_PRODUCT = YES;
			};
			name = Release;
		};
		502BC8F81DC6B8AE0059A749 /* Debug */ = {
			isa = XCBuildConfiguration;
			buildSettings = {
				ASSETCATALOG_COMPILER_APPICON_NAME = AppIcon;
				DEVELOPMENT_TEAM = 8WCYPPFQC5;
				INFOPLIST_FILE = PitchPerfect/Info.plist;
				LD_RUNPATH_SEARCH_PATHS = "$(inherited) @executable_path/Frameworks";
				PRODUCT_BUNDLE_IDENTIFIER = com.Deborah.PitchPerfect;
				PRODUCT_NAME = "$(TARGET_NAME)";
				SWIFT_VERSION = 3.0;
			};
			name = Debug;
		};
		502BC8F91DC6B8AE0059A749 /* Release */ = {
			isa = XCBuildConfiguration;
			buildSettings = {
				ASSETCATALOG_COMPILER_APPICON_NAME = AppIcon;
				DEVELOPMENT_TEAM = 8WCYPPFQC5;
				INFOPLIST_FILE = PitchPerfect/Info.plist;
				LD_RUNPATH_SEARCH_PATHS = "$(inherited) @executable_path/Frameworks";
				PRODUCT_BUNDLE_IDENTIFIER = com.Deborah.PitchPerfect;
				PRODUCT_NAME = "$(TARGET_NAME)";
				SWIFT_VERSION = 3.0;
			};
			name = Release;
		};
		502BC8FB1DC6B8AE0059A749 /* Debug */ = {
			isa = XCBuildConfiguration;
			buildSettings = {
				ALWAYS_EMBED_SWIFT_STANDARD_LIBRARIES = YES;
				BUNDLE_LOADER = "$(TEST_HOST)";
				DEVELOPMENT_TEAM = 8WCYPPFQC5;
				INFOPLIST_FILE = PitchPerfectTests/Info.plist;
				LD_RUNPATH_SEARCH_PATHS = "$(inherited) @executable_path/Frameworks @loader_path/Frameworks";
				PRODUCT_BUNDLE_IDENTIFIER = com.Deborah.PitchPerfectTests;
				PRODUCT_NAME = "$(TARGET_NAME)";
				SWIFT_VERSION = 3.0;
				TEST_HOST = "$(BUILT_PRODUCTS_DIR)/PitchPerfect.app/PitchPerfect";
			};
			name = Debug;
		};
		502BC8FC1DC6B8AE0059A749 /* Release */ = {
			isa = XCBuildConfiguration;
			buildSettings = {
				ALWAYS_EMBED_SWIFT_STANDARD_LIBRARIES = YES;
				BUNDLE_LOADER = "$(TEST_HOST)";
				DEVELOPMENT_TEAM = 8WCYPPFQC5;
				INFOPLIST_FILE = PitchPerfectTests/Info.plist;
				LD_RUNPATH_SEARCH_PATHS = "$(inherited) @executable_path/Frameworks @loader_path/Frameworks";
				PRODUCT_BUNDLE_IDENTIFIER = com.Deborah.PitchPerfectTests;
				PRODUCT_NAME = "$(TARGET_NAME)";
				SWIFT_VERSION = 3.0;
				TEST_HOST = "$(BUILT_PRODUCTS_DIR)/PitchPerfect.app/PitchPerfect";
			};
			name = Release;
		};
		502BC8FE1DC6B8AE0059A749 /* Debug */ = {
			isa = XCBuildConfiguration;
			buildSettings = {
				ALWAYS_EMBED_SWIFT_STANDARD_LIBRARIES = YES;
				DEVELOPMENT_TEAM = 8WCYPPFQC5;
				INFOPLIST_FILE = PitchPerfectUITests/Info.plist;
				LD_RUNPATH_SEARCH_PATHS = "$(inherited) @executable_path/Frameworks @loader_path/Frameworks";
				PRODUCT_BUNDLE_IDENTIFIER = com.Deborah.PitchPerfectUITests;
				PRODUCT_NAME = "$(TARGET_NAME)";
				SWIFT_VERSION = 3.0;
				TEST_TARGET_NAME = PitchPerfect;
			};
			name = Debug;
		};
		502BC8FF1DC6B8AE0059A749 /* Release */ = {
			isa = XCBuildConfiguration;
			buildSettings = {
				ALWAYS_EMBED_SWIFT_STANDARD_LIBRARIES = YES;
				DEVELOPMENT_TEAM = 8WCYPPFQC5;
				INFOPLIST_FILE = PitchPerfectUITests/Info.plist;
				LD_RUNPATH_SEARCH_PATHS = "$(inherited) @executable_path/Frameworks @loader_path/Frameworks";
				PRODUCT_BUNDLE_IDENTIFIER = com.Deborah.PitchPerfectUITests;
				PRODUCT_NAME = "$(TARGET_NAME)";
				SWIFT_VERSION = 3.0;
				TEST_TARGET_NAME = PitchPerfect;
			};
			name = Release;
		};
/* End XCBuildConfiguration section */

/* Begin XCConfigurationList section */
		502BC8CA1DC6B8AD0059A749 /* Build configuration list for PBXProject "PitchPerfect" */ = {
			isa = XCConfigurationList;
			buildConfigurations = (
				502BC8F51DC6B8AE0059A749 /* Debug */,
				502BC8F61DC6B8AE0059A749 /* Release */,
			);
			defaultConfigurationIsVisible = 0;
			defaultConfigurationName = Release;
		};
		502BC8F71DC6B8AE0059A749 /* Build configuration list for PBXNativeTarget "PitchPerfect" */ = {
			isa = XCConfigurationList;
			buildConfigurations = (
				502BC8F81DC6B8AE0059A749 /* Debug */,
				502BC8F91DC6B8AE0059A749 /* Release */,
			);
			defaultConfigurationIsVisible = 0;
			defaultConfigurationName = Release;
		};
		502BC8FA1DC6B8AE0059A749 /* Build configuration list for PBXNativeTarget "PitchPerfectTests" */ = {
			isa = XCConfigurationList;
			buildConfigurations = (
				502BC8FB1DC6B8AE0059A749 /* Debug */,
				502BC8FC1DC6B8AE0059A749 /* Release */,
			);
			defaultConfigurationIsVisible = 0;
			defaultConfigurationName = Release;
		};
		502BC8FD1DC6B8AE0059A749 /* Build configuration list for PBXNativeTarget "PitchPerfectUITests" */ = {
			isa = XCConfigurationList;
			buildConfigurations = (
				502BC8FE1DC6B8AE0059A749 /* Debug */,
				502BC8FF1DC6B8AE0059A749 /* Release */,
			);
			defaultConfigurationIsVisible = 0;
			defaultConfigurationName = Release;
		};
/* End XCConfigurationList section */
	};
	rootObject = 502BC8C71DC6B8AD0059A749 /* Project object */;
}
